Microsoft Visual Studio Solution File, Format Version 12.00
# Visual Studio Version 17
VisualStudioVersion = 17.1.32407.343
MinimumVisualStudioVersion = 10.0.40219.1
Project("{9A19103F-16F7-4668-BE54-9A1E7A4F7556}") = "CompPawnGrower", "CompPawnGrower\CompPawnGrower.csproj", "{07D0EBD1-96EC-4C48-AE38-B4488B0140DA}"
EndProject
Global
	GlobalSection(SolutionConfigurationPlatforms) = preSolution
		Debug|Any CPU = Debug|Any CPU
		Release|Any CPU = Release|Any CPU
	EndGlobalSection
	GlobalSection(ProjectConfigurationPlatforms) = postSolution
		{07D0EBD1-96EC-4C48-AE38-B4488B0140DA}.Debug|Any CPU.ActiveCfg = Debug|Any CPU
		{07D0EBD1-96EC-4C48-AE38-B4488B0140DA}.Debug|Any CPU.Build.0 = Debug|Any CPU
		{07D0EBD1-96EC-4C48-AE38-B4488B0140DA}.Release|Any CPU.ActiveCfg = Release|Any CPU
		{07D0EBD1-96EC-4C48-AE38-B4488B0140DA}.Release|Any CPU.Build.0 = Release|Any CPU
	EndGlobalSection
	GlobalSection(SolutionProperties) = preSolution
		HideSolutionNode = FALSE
	EndGlobalSection
	GlobalSection(ExtensibilityGlobals) = postSolution
		SolutionGuid = {e51bc2af-9745-4358-991d-e6f568206422}
	EndGlobalSection
EndGlobal
